
Microsoft Visual Studio Solution File, Format Version 12.00
# Visual Studio Version 17
VisualStudioVersion = 17.4.33110.190
MinimumVisualStudioVersion = 10.0.40219.1
Project("{FAE04EC0-301F-11D3-BF4B-00C04F79EFBC}") = "Roman Numerals Helper", "Roman Numerals Helper\Roman Numerals Helper.csproj", "{1A844A8D-AB0F-418B-A48F-3B91C3C6904D}"
EndProject
Global
	GlobalSection(SolutionConfigurationPlatforms) = preSolution
		Debug|Any CPU = Debug|Any CPU
		Release|Any CPU = Release|Any CPU
	EndGlobalSection
	GlobalSection(ProjectConfigurationPlatforms) = postSolution
		{1A844A8D-AB0F-418B-A48F-3B91C3C6904D}.Debug|Any CPU.ActiveCfg = Debug|Any CPU
		{1A844A8D-AB0F-418B-A48F-3B91C3C6904D}.Debug|Any CPU.Build.0 = Debug|Any CPU
		{1A844A8D-AB0F-418B-A48F-3B91C3C6904D}.Release|Any CPU.ActiveCfg = Release|Any CPU
		{1A844A8D-AB0F-418B-A48F-3B91C3C6904D}.Release|Any CPU.Build.0 = Release|Any CPU
	EndGlobalSection
	GlobalSection(SolutionProperties) = preSolution
		HideSolutionNode = FALSE
	EndGlobalSection
	GlobalSection(ExtensibilityGlobals) = postSolution
		SolutionGuid = {2B51B5F3-D6AA-4004-8E9B-B3A427D171CD}
	EndGlobalSection
EndGlobal
